
Microsoft Visual Studio Solution File, Format Version 12.00
# Visual Studio Version 17
VisualStudioVersion = 17.0.31903.59
MinimumVisualStudioVersion = 10.0.40219.1
Project("{FAE04EC0-301F-11D3-BF4B-00C04F79EFBC}") = "PharmacyField.Core", "PharmacyField.Core\PharmacyField.Core.csproj", "{7C3C1B27-17F4-49AD-8B56-FB4CE8F91FD7}"
EndProject
Project("{FAE04EC0-301F-11D3-BF4B-00C04F79EFBC}") = "PharmacyField.Infrastructure", "PharmacyField.Infrastructure\PharmacyField.Infrastructure.csproj", "{44B3CB22-DD62-4121-8F3B-0C7C10303391}"
EndProject
Project("{FAE04EC0-301F-11D3-BF4B-00C04F79EFBC}") = "PharmacyField.API", "PharmacyField.API\PharmacyField.API.csproj", "{C1F2FA8F-D213-45DA-82C7-06C3BD54DA8F}"
EndProject
Global
	GlobalSection(SolutionConfigurationPlatforms) = preSolution
		Debug|Any CPU = Debug|Any CPU
		Debug|x64 = Debug|x64
		Debug|x86 = Debug|x86
		Release|Any CPU = Release|Any CPU
		Release|x64 = Release|x64
		Release|x86 = Release|x86
	EndGlobalSection
	GlobalSection(ProjectConfigurationPlatforms) = postSolution
		{7C3C1B27-17F4-49AD-8B56-FB4CE8F91FD7}.Debug|Any CPU.ActiveCfg = Debug|Any CPU
		{7C3C1B27-17F4-49AD-8B56-FB4CE8F91FD7}.Debug|Any CPU.Build.0 = Debug|Any CPU
		{7C3C1B27-17F4-49AD-8B56-FB4CE8F91FD7}.Debug|x64.ActiveCfg = Debug|Any CPU
		{7C3C1B27-17F4-49AD-8B56-FB4CE8F91FD7}.Debug|x64.Build.0 = Debug|Any CPU
		{7C3C1B27-17F4-49AD-8B56-FB4CE8F91FD7}.Debug|x86.ActiveCfg = Debug|Any CPU
		{7C3C1B27-17F4-49AD-8B56-FB4CE8F91FD7}.Debug|x86.Build.0 = Debug|Any CPU
		{7C3C1B27-17F4-49AD-8B56-FB4CE8F91FD7}.Release|Any CPU.ActiveCfg = Release|Any CPU
		{7C3C1B27-17F4-49AD-8B56-FB4CE8F91FD7}.Release|Any CPU.Build.0 = Release|Any CPU
		{7C3C1B27-17F4-49AD-8B56-FB4CE8F91FD7}.Release|x64.ActiveCfg = Release|Any CPU
		{7C3C1B27-17F4-49AD-8B56-FB4CE8F91FD7}.Release|x64.Build.0 = Release|Any CPU
		{7C3C1B27-17F4-49AD-8B56-FB4CE8F91FD7}.Release|x86.ActiveCfg = Release|Any CPU
		{7C3C1B27-17F4-49AD-8B56-FB4CE8F91FD7}.Release|x86.Build.0 = Release|Any CPU
		{44B3CB22-DD62-4121-8F3B-0C7C10303391}.Debug|Any CPU.ActiveCfg = Debug|Any CPU
		{44B3CB22-DD62-4121-8F3B-0C7C10303391}.Debug|Any CPU.Build.0 = Debug|Any CPU
		{44B3CB22-DD62-4121-8F3B-0C7C10303391}.Debug|x64.ActiveCfg = Debug|Any CPU
		{44B3CB22-DD62-4121-8F3B-0C7C10303391}.Debug|x64.Build.0 = Debug|Any CPU
		{44B3CB22-DD62-4121-8F3B-0C7C10303391}.Debug|x86.ActiveCfg = Debug|Any CPU
		{44B3CB22-DD62-4121-8F3B-0C7C10303391}.Debug|x86.Build.0 = Debug|Any CPU
		{44B3CB22-DD62-4121-8F3B-0C7C10303391}.Release|Any CPU.ActiveCfg = Release|Any CPU
		{44B3CB22-DD62-4121-8F3B-0C7C10303391}.Release|Any CPU.Build.0 = Release|Any CPU
		{44B3CB22-DD62-4121-8F3B-0C7C10303391}.Release|x64.ActiveCfg = Release|Any CPU
		{44B3CB22-DD62-4121-8F3B-0C7C10303391}.Release|x64.Build.0 = Release|Any CPU
		{44B3CB22-DD62-4121-8F3B-0C7C10303391}.Release|x86.ActiveCfg = Release|Any CPU
		{44B3CB22-DD62-4121-8F3B-0C7C10303391}.Release|x86.Build.0 = Release|Any CPU
		{C1F2FA8F-D213-45DA-82C7-06C3BD54DA8F}.Debug|Any CPU.ActiveCfg = Debug|Any CPU
		{C1F2FA8F-D213-45DA-82C7-06C3BD54DA8F}.Debug|Any CPU.Build.0 = Debug|Any CPU
		{C1F2FA8F-D213-45DA-82C7-06C3BD54DA8F}.Debug|x64.ActiveCfg = Debug|Any CPU
		{C1F2FA8F-D213-45DA-82C7-06C3BD54DA8F}.Debug|x64.Build.0 = Debug|Any CPU
		{C1F2FA8F-D213-45DA-82C7-06C3BD54DA8F}.Debug|x86.ActiveCfg = Debug|Any CPU
		{C1F2FA8F-D213-45DA-82C7-06C3BD54DA8F}.Debug|x86.Build.0 = Debug|Any CPU
		{C1F2FA8F-D213-45DA-82C7-06C3BD54DA8F}.Release|Any CPU.ActiveCfg = Release|Any CPU
		{C1F2FA8F-D213-45DA-82C7-06C3BD54DA8F}.Release|Any CPU.Build.0 = Release|Any CPU
		{C1F2FA8F-D213-45DA-82C7-06C3BD54DA8F}.Release|x64.ActiveCfg = Release|Any CPU
		{C1F2FA8F-D213-45DA-82C7-06C3BD54DA8F}.Release|x64.Build.0 = Release|Any CPU
		{C1F2FA8F-D213-45DA-82C7-06C3BD54DA8F}.Release|x86.ActiveCfg = Release|Any CPU
		{C1F2FA8F-D213-45DA-82C7-06C3BD54DA8F}.Release|x86.Build.0 = Release|Any CPU
	EndGlobalSection
	GlobalSection(SolutionProperties) = preSolution
		HideSolutionNode = FALSE
	EndGlobalSection
EndGlobal
